// !$*UTF8*$!
{
	archiveVersion = 1;
	classes = {
	};
	objectVersion = 50;
	objects = {

/* Begin PBXBuildFile section */
		4603D81724ACFC54005DEDF0 /* MNMovieInfoView.swift in Sources */ = {isa = PBXBuildFile; fileRef = 4603D81624ACFC54005DEDF0 /* MNMovieInfoView.swift */; };
		4603D81924AD15D9005DEDF0 /* CastMember.swift in Sources */ = {isa = PBXBuildFile; fileRef = 4603D81824AD15D9005DEDF0 /* CastMember.swift */; };
		4603D81F24AD60C8005DEDF0 /* MNCastInfoView.swift in Sources */ = {isa = PBXBuildFile; fileRef = 4603D81E24AD60C8005DEDF0 /* MNCastInfoView.swift */; };
		4603D82324AD8B09005DEDF0 /* Date+Ext.swift in Sources */ = {isa = PBXBuildFile; fileRef = 4603D82224AD8B09005DEDF0 /* Date+Ext.swift */; };
		4603D82524AD8B14005DEDF0 /* String+Ext.swift in Sources */ = {isa = PBXBuildFile; fileRef = 4603D82424AD8B14005DEDF0 /* String+Ext.swift */; };
		463898A624AAF83B001446DF /* AppDelegate.swift in Sources */ = {isa = PBXBuildFile; fileRef = 463898A524AAF83B001446DF /* AppDelegate.swift */; };
		463898A824AAF83B001446DF /* SceneDelegate.swift in Sources */ = {isa = PBXBuildFile; fileRef = 463898A724AAF83B001446DF /* SceneDelegate.swift */; };
		463898AF24AAF83C001446DF /* Assets.xcassets in Resources */ = {isa = PBXBuildFile; fileRef = 463898AE24AAF83C001446DF /* Assets.xcassets */; };
		463898B224AAF83C001446DF /* LaunchScreen.storyboard in Resources */ = {isa = PBXBuildFile; fileRef = 463898B024AAF83C001446DF /* LaunchScreen.storyboard */; };
		463898BA24AAFC80001446DF /* TopRatedListViewController.swift in Sources */ = {isa = PBXBuildFile; fileRef = 463898B924AAFC80001446DF /* TopRatedListViewController.swift */; };
		463898BC24AAFD2D001446DF /* Movie.swift in Sources */ = {isa = PBXBuildFile; fileRef = 463898BB24AAFD2D001446DF /* Movie.swift */; };
		463898BE24AB03D9001446DF /* MovieCell.swift in Sources */ = {isa = PBXBuildFile; fileRef = 463898BD24AB03D9001446DF /* MovieCell.swift */; };
		4652386424AC0987001F3FE8 /* TMDbAPI.swift in Sources */ = {isa = PBXBuildFile; fileRef = 4652386324AC0987001F3FE8 /* TMDbAPI.swift */; };
		4652386624AC10AD001F3FE8 /* MovieStore.swift in Sources */ = {isa = PBXBuildFile; fileRef = 4652386524AC10AD001F3FE8 /* MovieStore.swift */; };
		4652386824AC1342001F3FE8 /* MNError.swift in Sources */ = {isa = PBXBuildFile; fileRef = 4652386724AC1342001F3FE8 /* MNError.swift */; };
		46566B7224B5526E0059DBCC /* PersistenceManager.swift in Sources */ = {isa = PBXBuildFile; fileRef = 46566B7124B5526E0059DBCC /* PersistenceManager.swift */; };
		4659E1FE24AC399600033C19 /* MovieDetailViewController.swift in Sources */ = {isa = PBXBuildFile; fileRef = 4659E1FD24AC399600033C19 /* MovieDetailViewController.swift */; };
		465C91AA24B6417E00F723F9 /* FavoritesListViewController.swift in Sources */ = {isa = PBXBuildFile; fileRef = 465C91A924B6417E00F723F9 /* FavoritesListViewController.swift */; };
		465C91AC24B656DA00F723F9 /* FavoriteCell.swift in Sources */ = {isa = PBXBuildFile; fileRef = 465C91AB24B656DA00F723F9 /* FavoriteCell.swift */; };
		46A7EEF624B0F9D9003A3C78 /* MNTabBarController.swift in Sources */ = {isa = PBXBuildFile; fileRef = 46A7EEF524B0F9D9003A3C78 /* MNTabBarController.swift */; };
		46A7EEF824B12256003A3C78 /* MovieListViewController.swift in Sources */ = {isa = PBXBuildFile; fileRef = 46A7EEF724B12256003A3C78 /* MovieListViewController.swift */; };
		46A7EEFA24B12576003A3C78 /* MovieSearchListViewController.swift in Sources */ = {isa = PBXBuildFile; fileRef = 46A7EEF924B12576003A3C78 /* MovieSearchListViewController.swift */; };
		46F9B8C724AE608400732189 /* MNLabel.swift in Sources */ = {isa = PBXBuildFile; fileRef = 46F9B8C624AE608400732189 /* MNLabel.swift */; };
		46F9B8C924AE718500732189 /* UIView+Ext.swift in Sources */ = {isa = PBXBuildFile; fileRef = 46F9B8C824AE718500732189 /* UIView+Ext.swift */; };
		46F9B8CB24AE823F00732189 /* MNUserScoreView.swift in Sources */ = {isa = PBXBuildFile; fileRef = 46F9B8CA24AE823F00732189 /* MNUserScoreView.swift */; };
		46F9B8CD24AEAA5700732189 /* MNDataLoadingViewController.swift in Sources */ = {isa = PBXBuildFile; fileRef = 46F9B8CC24AEAA5700732189 /* MNDataLoadingViewController.swift */; };
/* End PBXBuildFile section */

/* Begin PBXFileReference section */
		4603D81624ACFC54005DEDF0 /* MNMovieInfoView.swift */ = {isa = PBXFileReference; lastKnownFileType = sourcecode.swift; path = MNMovieInfoView.swift; sourceTree = "<group>"; };
		4603D81824AD15D9005DEDF0 /* CastMember.swift */ = {isa = PBXFileReference; lastKnownFileType = sourcecode.swift; path = CastMember.swift; sourceTree = "<group>"; };
		4603D81E24AD60C8005DEDF0 /* MNCastInfoView.swift */ = {isa = PBXFileReference; lastKnownFileType = sourcecode.swift; path = MNCastInfoView.swift; sourceTree = "<group>"; };
		4603D82224AD8B09005DEDF0 /* Date+Ext.swift */ = {isa = PBXFileReference; lastKnownFileType = sourcecode.swift; path = "Date+Ext.swift"; sourceTree = "<group>"; };
		4603D82424AD8B14005DEDF0 /* String+Ext.swift */ = {isa = PBXFileReference; lastKnownFileType = sourcecode.swift; path = "String+Ext.swift"; sourceTree = "<group>"; };
		463898A224AAF83B001446DF /* MoviesNow.app */ = {isa = PBXFileReference; explicitFileType = wrapper.application; includeInIndex = 0; path = MoviesNow.app; sourceTree = BUILT_PRODUCTS_DIR; };
		463898A524AAF83B001446DF /* AppDelegate.swift */ = {isa = PBXFileReference; lastKnownFileType = sourcecode.swift; path = AppDelegate.swift; sourceTree = "<group>"; };
		463898A724AAF83B001446DF /* SceneDelegate.swift */ = {isa = PBXFileReference; lastKnownFileType = sourcecode.swift; path = SceneDelegate.swift; sourceTree = "<group>"; };
		463898AE24AAF83C001446DF /* Assets.xcassets */ = {isa = PBXFileReference; lastKnownFileType = folder.assetcatalog; path = Assets.xcassets; sourceTree = "<group>"; };
		463898B124AAF83C001446DF /* Base */ = {isa = PBXFileReference; lastKnownFileType = file.storyboard; name = Base; path = Base.lproj/LaunchScreen.storyboard; sourceTree = "<group>"; };
		463898B324AAF83C001446DF /* Info.plist */ = {isa = PBXFileReference; lastKnownFileType = text.plist.xml; path = Info.plist; sourceTree = "<group>"; };
		463898B924AAFC80001446DF /* TopRatedListViewController.swift */ = {isa = PBXFileReference; lastKnownFileType = sourcecode.swift; path = TopRatedListViewController.swift; sourceTree = "<group>"; };
		463898BB24AAFD2D001446DF /* Movie.swift */ = {isa = PBXFileReference; lastKnownFileType = sourcecode.swift; path = Movie.swift; sourceTree = "<group>"; };
		463898BD24AB03D9001446DF /* MovieCell.swift */ = {isa = PBXFileReference; lastKnownFileType = sourcecode.swift; path = MovieCell.swift; sourceTree = "<group>"; };
		4652386324AC0987001F3FE8 /* TMDbAPI.swift */ = {isa = PBXFileReference; lastKnownFileType = sourcecode.swift; path = TMDbAPI.swift; sourceTree = "<group>"; };
		4652386524AC10AD001F3FE8 /* MovieStore.swift */ = {isa = PBXFileReference; lastKnownFileType = sourcecode.swift; path = MovieStore.swift; sourceTree = "<group>"; };
		4652386724AC1342001F3FE8 /* MNError.swift */ = {isa = PBXFileReference; lastKnownFileType = sourcecode.swift; path = MNError.swift; sourceTree = "<group>"; };
		46566B7124B5526E0059DBCC /* PersistenceManager.swift */ = {isa = PBXFileReference; lastKnownFileType = sourcecode.swift; path = PersistenceManager.swift; sourceTree = "<group>"; };
		4659E1FD24AC399600033C19 /* MovieDetailViewController.swift */ = {isa = PBXFileReference; lastKnownFileType = sourcecode.swift; path = MovieDetailViewController.swift; sourceTree = "<group>"; };
		465C91A924B6417E00F723F9 /* FavoritesListViewController.swift */ = {isa = PBXFileReference; lastKnownFileType = sourcecode.swift; path = FavoritesListViewController.swift; sourceTree = "<group>"; };
		465C91AB24B656DA00F723F9 /* FavoriteCell.swift */ = {isa = PBXFileReference; lastKnownFileType = sourcecode.swift; path = FavoriteCell.swift; sourceTree = "<group>"; };
		46A7EEF524B0F9D9003A3C78 /* MNTabBarController.swift */ = {isa = PBXFileReference; lastKnownFileType = sourcecode.swift; path = MNTabBarController.swift; sourceTree = "<group>"; };
		46A7EEF724B12256003A3C78 /* MovieListViewController.swift */ = {isa = PBXFileReference; lastKnownFileType = sourcecode.swift; path = MovieListViewController.swift; sourceTree = "<group>"; };
		46A7EEF924B12576003A3C78 /* MovieSearchListViewController.swift */ = {isa = PBXFileReference; lastKnownFileType = sourcecode.swift; path = MovieSearchListViewController.swift; sourceTree = "<group>"; };
		46F9B8C624AE608400732189 /* MNLabel.swift */ = {isa = PBXFileReference; lastKnownFileType = sourcecode.swift; path = MNLabel.swift; sourceTree = "<group>"; };
		46F9B8C824AE718500732189 /* UIView+Ext.swift */ = {isa = PBXFileReference; lastKnownFileType = sourcecode.swift; path = "UIView+Ext.swift"; sourceTree = "<group>"; };
		46F9B8CA24AE823F00732189 /* MNUserScoreView.swift */ = {isa = PBXFileReference; lastKnownFileType = sourcecode.swift; path = MNUserScoreView.swift; sourceTree = "<group>"; };
		46F9B8CC24AEAA5700732189 /* MNDataLoadingViewController.swift */ = {isa = PBXFileReference; lastKnownFileType = sourcecode.swift; path = MNDataLoadingViewController.swift; sourceTree = "<group>"; };
/* End PBXFileReference section */

/* Begin PBXFrameworksBuildPhase section */
		4638989F24AAF83B001446DF /* Frameworks */ = {
			isa = PBXFrameworksBuildPhase;
			buildActionMask = 2147483647;
			files = (
			);
			runOnlyForDeploymentPostprocessing = 0;
		};
/* End PBXFrameworksBuildPhase section */

/* Begin PBXGroup section */
		4638989924AAF83B001446DF = {
			isa = PBXGroup;
			children = (
				463898A424AAF83B001446DF /* MoviesNow */,
				463898A324AAF83B001446DF /* Products */,
			);
			sourceTree = "<group>";
		};
		463898A324AAF83B001446DF /* Products */ = {
			isa = PBXGroup;
			children = (
				463898A224AAF83B001446DF /* MoviesNow.app */,
			);
			name = Products;
			sourceTree = "<group>";
		};
		463898A424AAF83B001446DF /* MoviesNow */ = {
			isa = PBXGroup;
			children = (
				468FA34924AE550300B5C624 /* Utilities */,
				468FA34724AE529000B5C624 /* Extensions */,
				468FA34824AE54E100B5C624 /* Networking */,
				468FA34624AE528000B5C624 /* Model */,
				468FA34524AE520E00B5C624 /* View Controllers */,
				468FA34424AE520500B5C624 /* Views */,
				463898A524AAF83B001446DF /* AppDelegate.swift */,
				463898A724AAF83B001446DF /* SceneDelegate.swift */,
				463898AE24AAF83C001446DF /* Assets.xcassets */,
				463898B024AAF83C001446DF /* LaunchScreen.storyboard */,
				463898B324AAF83C001446DF /* Info.plist */,
			);
			path = MoviesNow;
			sourceTree = "<group>";
		};
		468FA34424AE520500B5C624 /* Views */ = {
			isa = PBXGroup;
			children = (
				4603D81624ACFC54005DEDF0 /* MNMovieInfoView.swift */,
				46F9B8CA24AE823F00732189 /* MNUserScoreView.swift */,
				4603D81E24AD60C8005DEDF0 /* MNCastInfoView.swift */,
				46F9B8C624AE608400732189 /* MNLabel.swift */,
				463898BD24AB03D9001446DF /* MovieCell.swift */,
				465C91AB24B656DA00F723F9 /* FavoriteCell.swift */,
			);
			path = Views;
			sourceTree = "<group>";
		};
		468FA34524AE520E00B5C624 /* View Controllers */ = {
			isa = PBXGroup;
			children = (
				46A7EEF724B12256003A3C78 /* MovieListViewController.swift */,
				463898B924AAFC80001446DF /* TopRatedListViewController.swift */,
				46A7EEF924B12576003A3C78 /* MovieSearchListViewController.swift */,
				465C91A924B6417E00F723F9 /* FavoritesListViewController.swift */,
				4659E1FD24AC399600033C19 /* MovieDetailViewController.swift */,
				46F9B8CC24AEAA5700732189 /* MNDataLoadingViewController.swift */,
				46A7EEF524B0F9D9003A3C78 /* MNTabBarController.swift */,
			);
			path = "View Controllers";
			sourceTree = "<group>";
		};
		468FA34624AE528000B5C624 /* Model */ = {
			isa = PBXGroup;
			children = (
				463898BB24AAFD2D001446DF /* Movie.swift */,
				4603D81824AD15D9005DEDF0 /* CastMember.swift */,
				46566B7124B5526E0059DBCC /* PersistenceManager.swift */,
			);
			path = Model;
			sourceTree = "<group>";
		};
		468FA34724AE529000B5C624 /* Extensions */ = {
			isa = PBXGroup;
			children = (
				4603D82224AD8B09005DEDF0 /* Date+Ext.swift */,
				4603D82424AD8B14005DEDF0 /* String+Ext.swift */,
				46F9B8C824AE718500732189 /* UIView+Ext.swift */,
			);
			path = Extensions;
			sourceTree = "<group>";
		};
		468FA34824AE54E100B5C624 /* Networking */ = {
			isa = PBXGroup;
			children = (
				4652386324AC0987001F3FE8 /* TMDbAPI.swift */,
				4652386524AC10AD001F3FE8 /* MovieStore.swift */,
			);
			path = Networking;
			sourceTree = "<group>";
		};
		468FA34924AE550300B5C624 /* Utilities */ = {
			isa = PBXGroup;
			children = (
				4652386724AC1342001F3FE8 /* MNError.swift */,
			);
			path = Utilities;
			sourceTree = "<group>";
		};
/* End PBXGroup section */

/* Begin PBXNativeTarget section */
		463898A124AAF83B001446DF /* MoviesNow */ = {
			isa = PBXNativeTarget;
			buildConfigurationList = 463898B624AAF83C001446DF /* Build configuration list for PBXNativeTarget "MoviesNow" */;
			buildPhases = (
				4638989E24AAF83B001446DF /* Sources */,
				4638989F24AAF83B001446DF /* Frameworks */,
				463898A024AAF83B001446DF /* Resources */,
			);
			buildRules = (
			);
			dependencies = (
			);
			name = MoviesNow;
			productName = MoviesNow;
			productReference = 463898A224AAF83B001446DF /* MoviesNow.app */;
			productType = "com.apple.product-type.application";
		};
/* End PBXNativeTarget section */

/* Begin PBXProject section */
		4638989A24AAF83B001446DF /* Project object */ = {
			isa = PBXProject;
			attributes = {
				LastSwiftUpdateCheck = 1150;
				LastUpgradeCheck = 1150;
				ORGANIZATIONNAME = "Leandro Rocha";
				TargetAttributes = {
					463898A124AAF83B001446DF = {
						CreatedOnToolsVersion = 11.5;
					};
				};
			};
			buildConfigurationList = 4638989D24AAF83B001446DF /* Build configuration list for PBXProject "MoviesNow" */;
			compatibilityVersion = "Xcode 9.3";
			developmentRegion = en;
			hasScannedForEncodings = 0;
			knownRegions = (
				en,
				Base,
			);
			mainGroup = 4638989924AAF83B001446DF;
			productRefGroup = 463898A324AAF83B001446DF /* Products */;
			projectDirPath = "";
			projectRoot = "";
			targets = (
				463898A124AAF83B001446DF /* MoviesNow */,
			);
		};
/* End PBXProject section */

/* Begin PBXResourcesBuildPhase section */
		463898A024AAF83B001446DF /* Resources */ = {
			isa = PBXResourcesBuildPhase;
			buildActionMask = 2147483647;
			files = (
				463898B224AAF83C001446DF /* LaunchScreen.storyboard in Resources */,
				463898AF24AAF83C001446DF /* Assets.xcassets in Resources */,
			);
			runOnlyForDeploymentPostprocessing = 0;
		};
/* End PBXResourcesBuildPhase section */

/* Begin PBXSourcesBuildPhase section */
		4638989E24AAF83B001446DF /* Sources */ = {
			isa = PBXSourcesBuildPhase;
			buildActionMask = 2147483647;
			files = (
				46F9B8C924AE718500732189 /* UIView+Ext.swift in Sources */,
				463898BA24AAFC80001446DF /* TopRatedListViewController.swift in Sources */,
				4603D81724ACFC54005DEDF0 /* MNMovieInfoView.swift in Sources */,
				4603D82324AD8B09005DEDF0 /* Date+Ext.swift in Sources */,
				46A7EEFA24B12576003A3C78 /* MovieSearchListViewController.swift in Sources */,
				463898A624AAF83B001446DF /* AppDelegate.swift in Sources */,
				463898BC24AAFD2D001446DF /* Movie.swift in Sources */,
				4603D81F24AD60C8005DEDF0 /* MNCastInfoView.swift in Sources */,
				463898BE24AB03D9001446DF /* MovieCell.swift in Sources */,
				46566B7224B5526E0059DBCC /* PersistenceManager.swift in Sources */,
				46A7EEF624B0F9D9003A3C78 /* MNTabBarController.swift in Sources */,
				463898A824AAF83B001446DF /* SceneDelegate.swift in Sources */,
				4603D82524AD8B14005DEDF0 /* String+Ext.swift in Sources */,
				46A7EEF824B12256003A3C78 /* MovieListViewController.swift in Sources */,
				4652386824AC1342001F3FE8 /* MNError.swift in Sources */,
				46F9B8C724AE608400732189 /* MNLabel.swift in Sources */,
				46F9B8CD24AEAA5700732189 /* MNDataLoadingViewController.swift in Sources */,
				465C91AA24B6417E00F723F9 /* FavoritesListViewController.swift in Sources */,
				46F9B8CB24AE823F00732189 /* MNUserScoreView.swift in Sources */,
				4603D81924AD15D9005DEDF0 /* CastMember.swift in Sources */,
				4652386424AC0987001F3FE8 /* TMDbAPI.swift in Sources */,
				465C91AC24B656DA00F723F9 /* FavoriteCell.swift in Sources */,
				4659E1FE24AC399600033C19 /* MovieDetailViewController.swift in Sources */,
				4652386624AC10AD001F3FE8 /* MovieStore.swift in Sources */,
			);
			runOnlyForDeploymentPostprocessing = 0;
		};
/* End PBXSourcesBuildPhase section */

/* Begin PBXVariantGroup section */
		463898B024AAF83C001446DF /* LaunchScreen.storyboard */ = {
			isa = PBXVariantGroup;
			children = (
				463898B124AAF83C001446DF /* Base */,
			);
			name = LaunchScreen.storyboard;
			sourceTree = "<group>";
		};
/* End PBXVariantGroup section */

/* Begin XCBuildConfiguration section */
		463898B424AAF83C001446DF /* Debug */ = {
			isa = XCBuildConfiguration;
			buildSettings = {
				ALWAYS_SEARCH_USER_PATHS = NO;
				CLANG_ANALYZER_NONNULL = YES;
				CLANG_ANALYZER_NUMBER_OBJECT_CONVERSION = YES_AGGRESSIVE;
				CLANG_CXX_LANGUAGE_STANDARD = "gnu++14";
				CLANG_CXX_LIBRARY = "libc++";
				CLANG_ENABLE_MODULES = YES;
				CLANG_ENABLE_OBJC_ARC = YES;
				CLANG_ENABLE_OBJC_WEAK = YES;
				CLANG_WARN_BLOCK_CAPTURE_AUTORELEASING = YES;
				CLANG_WARN_BOOL_CONVERSION = YES;
				CLANG_WARN_COMMA = YES;
				CLANG_WARN_CONSTANT_CONVERSION = YES;
				CLANG_WARN_DEPRECATED_OBJC_IMPLEMENTATIONS = YES;
				CLANG_WARN_DIRECT_OBJC_ISA_USAGE = YES_ERROR;
				CLANG_WARN_DOCUMENTATION_COMMENTS = YES;
				CLANG_WARN_EMPTY_BODY = YES;
				CLANG_WARN_ENUM_CONVERSION = YES;
				CLANG_WARN_INFINITE_RECURSION = YES;
				CLANG_WARN_INT_CONVERSION = YES;
				CLANG_WARN_NON_LITERAL_NULL_CONVERSION = YES;
				CLANG_WARN_OBJC_IMPLICIT_RETAIN_SELF = YES;
				CLANG_WARN_OBJC_LITERAL_CONVERSION = YES;
				CLANG_WARN_OBJC_ROOT_CLASS = YES_ERROR;
				CLANG_WARN_RANGE_LOOP_ANALYSIS = YES;
				CLANG_WARN_STRICT_PROTOTYPES = YES;
				CLANG_WARN_SUSPICIOUS_MOVE = YES;
				CLANG_WARN_UNGUARDED_AVAILABILITY = YES_AGGRESSIVE;
				CLANG_WARN_UNREACHABLE_CODE = YES;
				CLANG_WARN__DUPLICATE_METHOD_MATCH = YES;
				COPY_PHASE_STRIP = NO;
				DEBUG_INFORMATION_FORMAT = dwarf;
				ENABLE_STRICT_OBJC_MSGSEND = YES;
				ENABLE_TESTABILITY = YES;
				GCC_C_LANGUAGE_STANDARD = gnu11;
				GCC_DYNAMIC_NO_PIC = NO;
				GCC_NO_COMMON_BLOCKS = YES;
				GCC_OPTIMIZATION_LEVEL = 0;
				GCC_PREPROCESSOR_DEFINITIONS = (
					"DEBUG=1",
					"$(inherited)",
				);
				GCC_WARN_64_TO_32_BIT_CONVERSION = YES;
				GCC_WARN_ABOUT_RETURN_TYPE = YES_ERROR;
				GCC_WARN_UNDECLARED_SELECTOR = YES;
				GCC_WARN_UNINITIALIZED_AUTOS = YES_AGGRESSIVE;
				GCC_WARN_UNUSED_FUNCTION = YES;
				GCC_WARN_UNUSED_VARIABLE = YES;
				IPHONEOS_DEPLOYMENT_TARGET = 13.5;
				MTL_ENABLE_DEBUG_INFO = INCLUDE_SOURCE;
				MTL_FAST_MATH = YES;
				ONLY_ACTIVE_ARCH = YES;
				SDKROOT = iphoneos;
				SWIFT_ACTIVE_COMPILATION_CONDITIONS = DEBUG;
				SWIFT_OPTIMIZATION_LEVEL = "-Onone";
			};
			name = Debug;
		};
		463898B524AAF83C001446DF /* Release */ = {
			isa = XCBuildConfiguration;
			buildSettings = {
				ALWAYS_SEARCH_USER_PATHS = NO;
				CLANG_ANALYZER_NONNULL = YES;
				CLANG_ANALYZER_NUMBER_OBJECT_CONVERSION = YES_AGGRESSIVE;
				CLANG_CXX_LANGUAGE_STANDARD = "gnu++14";
				CLANG_CXX_LIBRARY = "libc++";
				CLANG_ENABLE_MODULES = YES;
				CLANG_ENABLE_OBJC_ARC = YES;
				CLANG_ENABLE_OBJC_WEAK = YES;
				CLANG_WARN_BLOCK_CAPTURE_AUTORELEASING = YES;
				CLANG_WARN_BOOL_CONVERSION = YES;
				CLANG_WARN_COMMA = YES;
				CLANG_WARN_CONSTANT_CONVERSION = YES;
				CLANG_WARN_DEPRECATED_OBJC_IMPLEMENTATIONS = YES;
				CLANG_WARN_DIRECT_OBJC_ISA_USAGE = YES_ERROR;
				CLANG_WARN_DOCUMENTATION_COMMENTS = YES;
				CLANG_WARN_EMPTY_BODY = YES;
				CLANG_WARN_ENUM_CONVERSION = YES;
				CLANG_WARN_INFINITE_RECURSION = YES;
				CLANG_WARN_INT_CONVERSION = YES;
				CLANG_WARN_NON_LITERAL_NULL_CONVERSION = YES;
				CLANG_WARN_OBJC_IMPLICIT_RETAIN_SELF = YES;
				CLANG_WARN_OBJC_LITERAL_CONVERSION = YES;
				CLANG_WARN_OBJC_ROOT_CLASS = YES_ERROR;
				CLANG_WARN_RANGE_LOOP_ANALYSIS = YES;
				CLANG_WARN_STRICT_PROTOTYPES = YES;
				CLANG_WARN_SUSPICIOUS_MOVE = YES;
				CLANG_WARN_UNGUARDED_AVAILABILITY = YES_AGGRESSIVE;
				CLANG_WARN_UNREACHABLE_CODE = YES;
				CLANG_WARN__DUPLICATE_METHOD_MATCH = YES;
				COPY_PHASE_STRIP = NO;
				DEBUG_INFORMATION_FORMAT = "dwarf-with-dsym";
				ENABLE_NS_ASSERTIONS = NO;
				ENABLE_STRICT_OBJC_MSGSEND = YES;
				GCC_C_LANGUAGE_STANDARD = gnu11;
				GCC_NO_COMMON_BLOCKS = YES;
				GCC_WARN_64_TO_32_BIT_CONVERSION = YES;
				GCC_WARN_ABOUT_RETURN_TYPE = YES_ERROR;
				GCC_WARN_UNDECLARED_SELECTOR = YES;
				GCC_WARN_UNINITIALIZED_AUTOS = YES_AGGRESSIVE;
				GCC_WARN_UNUSED_FUNCTION = YES;
				GCC_WARN_UNUSED_VARIABLE = YES;
				IPHONEOS_DEPLOYMENT_TARGET = 13.5;
				MTL_ENABLE_DEBUG_INFO = NO;
				MTL_FAST_MATH = YES;
				SDKROOT = iphoneos;
				SWIFT_COMPILATION_MODE = wholemodule;
				SWIFT_OPTIMIZATION_LEVEL = "-O";
				VALIDATE_PRODUCT = YES;
			};
			name = Release;
		};
		463898B724AAF83C001446DF /* Debug */ = {
			isa = XCBuildConfiguration;
			buildSettings = {
				ASSETCATALOG_COMPILER_APPICON_NAME = AppIcon;
				CODE_SIGN_STYLE = Automatic;
				DEVELOPMENT_TEAM = B27B4KDKQS;
				INFOPLIST_FILE = MoviesNow/Info.plist;
				LD_RUNPATH_SEARCH_PATHS = (
					"$(inherited)",
					"@executable_path/Frameworks",
				);
				PRODUCT_BUNDLE_IDENTIFIER = com.ljrocha.MoviesNow;
				PRODUCT_NAME = "$(TARGET_NAME)";
				SWIFT_VERSION = 5.0;
				TARGETED_DEVICE_FAMILY = "1,2";
			};
			name = Debug;
		};
		463898B824AAF83C001446DF /* Release */ = {
			isa = XCBuildConfiguration;
			buildSettings = {
				ASSETCATALOG_COMPILER_APPICON_NAME = AppIcon;
				CODE_SIGN_STYLE = Automatic;
				DEVELOPMENT_TEAM = B27B4KDKQS;
				INFOPLIST_FILE = MoviesNow/Info.plist;
				LD_RUNPATH_SEARCH_PATHS = (
					"$(inherited)",
					"@executable_path/Frameworks",
				);
				PRODUCT_BUNDLE_IDENTIFIER = com.ljrocha.MoviesNow;
				PRODUCT_NAME = "$(TARGET_NAME)";
				SWIFT_VERSION = 5.0;
				TARGETED_DEVICE_FAMILY = "1,2";
			};
			name = Release;
		};
/* End XCBuildConfiguration section */

/* Begin XCConfigurationList section */
		4638989D24AAF83B001446DF /* Build configuration list for PBXProject "MoviesNow" */ = {
			isa = XCConfigurationList;
			buildConfigurations = (
				463898B424AAF83C001446DF /* Debug */,
				463898B524AAF83C001446DF /* Release */,
			);
			defaultConfigurationIsVisible = 0;
			defaultConfigurationName = Release;
		};
		463898B624AAF83C001446DF /* Build configuration list for PBXNativeTarget "MoviesNow" */ = {
			isa = XCConfigurationList;
			buildConfigurations = (
				463898B724AAF83C001446DF /* Debug */,
				463898B824AAF83C001446DF /* Release */,
			);
			defaultConfigurationIsVisible = 0;
			defaultConfigurationName = Release;
		};
/* End XCConfigurationList section */
	};
	rootObject = 4638989A24AAF83B001446DF /* Project object */;
}
